
Microsoft Visual Studio Solution File, Format Version 12.00
# Visual Studio Version 17
VisualStudioVersion = 17.5.33627.172
MinimumVisualStudioVersion = 10.0.40219.1
Project("{FAE04EC0-301F-11D3-BF4B-00C04F79EFBC}") = "219996", "219996\219996.csproj", "{6FCEBD7B-015A-4F9D-9388-5690458049D4}"
EndProject
Global
	GlobalSection(SolutionConfigurationPlatforms) = preSolution
		Debug|Any CPU = Debug|Any CPU
		Release|Any CPU = Release|Any CPU
	EndGlobalSection
	GlobalSection(ProjectConfigurationPlatforms) = postSolution
		{6FCEBD7B-015A-4F9D-9388-5690458049D4}.Debug|Any CPU.ActiveCfg = Debug|Any CPU
		{6FCEBD7B-015A-4F9D-9388-5690458049D4}.Debug|Any CPU.Build.0 = Debug|Any CPU
		{6FCEBD7B-015A-4F9D-9388-5690458049D4}.Release|Any CPU.ActiveCfg = Release|Any CPU
		{6FCEBD7B-015A-4F9D-9388-5690458049D4}.Release|Any CPU.Build.0 = Release|Any CPU
	EndGlobalSection
	GlobalSection(SolutionProperties) = preSolution
		HideSolutionNode = FALSE
	EndGlobalSection
	GlobalSection(ExtensibilityGlobals) = postSolution
		SolutionGuid = {61E80C57-141B-4B41-A329-A0B76E60DAA7}
	EndGlobalSection
EndGlobal
